
Microsoft Visual Studio Solution File, Format Version 12.00
# Visual Studio Version 17
VisualStudioVersion = 17.5.33414.496
MinimumVisualStudioVersion = 10.0.40219.1
Project("{FAE04EC0-301F-11D3-BF4B-00C04F79EFBC}") = "lectorxml", "lectorxml\lectorxml.csproj", "{808DDB9E-1578-493B-B182-F12AAF04B5C7}"
EndProject
Global
	GlobalSection(SolutionConfigurationPlatforms) = preSolution
		Debug|Any CPU = Debug|Any CPU
		Release|Any CPU = Release|Any CPU
	EndGlobalSection
	GlobalSection(ProjectConfigurationPlatforms) = postSolution
		{808DDB9E-1578-493B-B182-F12AAF04B5C7}.Debug|Any CPU.ActiveCfg = Debug|Any CPU
		{808DDB9E-1578-493B-B182-F12AAF04B5C7}.Debug|Any CPU.Build.0 = Debug|Any CPU
		{808DDB9E-1578-493B-B182-F12AAF04B5C7}.Release|Any CPU.ActiveCfg = Release|Any CPU
		{808DDB9E-1578-493B-B182-F12AAF04B5C7}.Release|Any CPU.Build.0 = Release|Any CPU
	EndGlobalSection
	GlobalSection(SolutionProperties) = preSolution
		HideSolutionNode = FALSE
	EndGlobalSection
	GlobalSection(ExtensibilityGlobals) = postSolution
		SolutionGuid = {862AC398-0766-4BFC-B941-FB890D2289BC}
	EndGlobalSection
EndGlobal
